
Microsoft Visual Studio Solution File, Format Version 12.00
# Visual Studio Version 17
VisualStudioVersion = 17.4.33122.133
MinimumVisualStudioVersion = 10.0.40219.1
Project("{FAE04EC0-301F-11D3-BF4B-00C04F79EFBC}") = "ExerciseSmartContractsNetereumWeb3", "ExerciseSmartContractsNetereumWeb3\ExerciseSmartContractsNetereumWeb3.csproj", "{D53DA77F-EFF1-44F8-A26E-A7573D685E67}"
EndProject
Global
	GlobalSection(SolutionConfigurationPlatforms) = preSolution
		Debug|Any CPU = Debug|Any CPU
		Release|Any CPU = Release|Any CPU
	EndGlobalSection
	GlobalSection(ProjectConfigurationPlatforms) = postSolution
		{D53DA77F-EFF1-44F8-A26E-A7573D685E67}.Debug|Any CPU.ActiveCfg = Debug|Any CPU
		{D53DA77F-EFF1-44F8-A26E-A7573D685E67}.Debug|Any CPU.Build.0 = Debug|Any CPU
		{D53DA77F-EFF1-44F8-A26E-A7573D685E67}.Release|Any CPU.ActiveCfg = Release|Any CPU
		{D53DA77F-EFF1-44F8-A26E-A7573D685E67}.Release|Any CPU.Build.0 = Release|Any CPU
	EndGlobalSection
	GlobalSection(SolutionProperties) = preSolution
		HideSolutionNode = FALSE
	EndGlobalSection
	GlobalSection(ExtensibilityGlobals) = postSolution
		SolutionGuid = {2ED6FBA6-0FB9-4CA2-8382-3C0BB06D1823}
	EndGlobalSection
EndGlobal
